
Microsoft Visual Studio Solution File, Format Version 12.00
# Visual Studio Version 17
VisualStudioVersion = 17.1.32421.90
MinimumVisualStudioVersion = 10.0.40219.1
Project("{FAE04EC0-301F-11D3-BF4B-00C04F79EFBC}") = "Aithusa", "Aithusa\Aithusa.csproj", "{B77E2396-9A1C-4012-BDB3-F8FE22675153}"
EndProject
Global
	GlobalSection(SolutionConfigurationPlatforms) = preSolution
		Debug|Any CPU = Debug|Any CPU
		Release|Any CPU = Release|Any CPU
	EndGlobalSection
	GlobalSection(ProjectConfigurationPlatforms) = postSolution
		{B77E2396-9A1C-4012-BDB3-F8FE22675153}.Debug|Any CPU.ActiveCfg = Debug|Any CPU
		{B77E2396-9A1C-4012-BDB3-F8FE22675153}.Debug|Any CPU.Build.0 = Debug|Any CPU
		{B77E2396-9A1C-4012-BDB3-F8FE22675153}.Release|Any CPU.ActiveCfg = Release|Any CPU
		{B77E2396-9A1C-4012-BDB3-F8FE22675153}.Release|Any CPU.Build.0 = Release|Any CPU
	EndGlobalSection
	GlobalSection(SolutionProperties) = preSolution
		HideSolutionNode = FALSE
	EndGlobalSection
	GlobalSection(ExtensibilityGlobals) = postSolution
		SolutionGuid = {7D354110-01DE-4BCE-B789-2A3502E3049A}
	EndGlobalSection
EndGlobal
